
Microsoft Visual Studio Solution File, Format Version 12.00
# Visual Studio 15
VisualStudioVersion = 15.0.28010.2041
MinimumVisualStudioVersion = 10.0.40219.1
Project("{FAE04EC0-301F-11D3-BF4B-00C04F79EFBC}") = "XML_analysis", "XML_analysis\XML_analysis.csproj", "{0AAEDC70-FB49-419A-8BBB-9ABB66F7ED06}"
EndProject
Global
	GlobalSection(SolutionConfigurationPlatforms) = preSolution
		Debug|Any CPU = Debug|Any CPU
		Release|Any CPU = Release|Any CPU
	EndGlobalSection
	GlobalSection(ProjectConfigurationPlatforms) = postSolution
		{0AAEDC70-FB49-419A-8BBB-9ABB66F7ED06}.Debug|Any CPU.ActiveCfg = Debug|Any CPU
		{0AAEDC70-FB49-419A-8BBB-9ABB66F7ED06}.Debug|Any CPU.Build.0 = Debug|Any CPU
		{0AAEDC70-FB49-419A-8BBB-9ABB66F7ED06}.Release|Any CPU.ActiveCfg = Release|Any CPU
		{0AAEDC70-FB49-419A-8BBB-9ABB66F7ED06}.Release|Any CPU.Build.0 = Release|Any CPU
	EndGlobalSection
	GlobalSection(SolutionProperties) = preSolution
		HideSolutionNode = FALSE
	EndGlobalSection
	GlobalSection(ExtensibilityGlobals) = postSolution
		SolutionGuid = {1939B5C4-D2D4-4D64-812F-57939BE1B129}
	EndGlobalSection
EndGlobal
